
Microsoft Visual Studio Solution File, Format Version 12.00
# Visual Studio Version 16
VisualStudioVersion = 16.0.29411.108
MinimumVisualStudioVersion = 10.0.40219.1
Project("{9A19103F-16F7-4668-BE54-9A1E7A4F7556}") = "WebApplication", "WebApplication.csproj", "{0304ED1C-57B3-483C-9462-8938280EE2E8}"
EndProject
Project("{FAE04EC0-301F-11D3-BF4B-00C04F79EFBC}") = "WebAppXUnit", "..\WebAppXUnit\WebAppXUnit.csproj", "{C7A8EAAA-8DB7-4A7E-84F8-1E2DB9556779}"
EndProject
Global
	GlobalSection(SolutionConfigurationPlatforms) = preSolution
		Debug|Any CPU = Debug|Any CPU
		Release|Any CPU = Release|Any CPU
	EndGlobalSection
	GlobalSection(ProjectConfigurationPlatforms) = postSolution
		{0304ED1C-57B3-483C-9462-8938280EE2E8}.Debug|Any CPU.ActiveCfg = Debug|Any CPU
		{0304ED1C-57B3-483C-9462-8938280EE2E8}.Debug|Any CPU.Build.0 = Debug|Any CPU
		{0304ED1C-57B3-483C-9462-8938280EE2E8}.Release|Any CPU.ActiveCfg = Release|Any CPU
		{0304ED1C-57B3-483C-9462-8938280EE2E8}.Release|Any CPU.Build.0 = Release|Any CPU
		{C7A8EAAA-8DB7-4A7E-84F8-1E2DB9556779}.Debug|Any CPU.ActiveCfg = Debug|Any CPU
		{C7A8EAAA-8DB7-4A7E-84F8-1E2DB9556779}.Debug|Any CPU.Build.0 = Debug|Any CPU
		{C7A8EAAA-8DB7-4A7E-84F8-1E2DB9556779}.Release|Any CPU.ActiveCfg = Release|Any CPU
		{C7A8EAAA-8DB7-4A7E-84F8-1E2DB9556779}.Release|Any CPU.Build.0 = Release|Any CPU
	EndGlobalSection
	GlobalSection(SolutionProperties) = preSolution
		HideSolutionNode = FALSE
	EndGlobalSection
	GlobalSection(ExtensibilityGlobals) = postSolution
		SolutionGuid = {DD7CF907-1457-443E-A213-49F7981D3F43}
	EndGlobalSection
EndGlobal
